
Microsoft Visual Studio Solution File, Format Version 12.00
# Visual Studio Version 16
VisualStudioVersion = 16.0.30225.117
MinimumVisualStudioVersion = 10.0.40219.1
Project("{FAE04EC0-301F-11D3-BF4B-00C04F79EFBC}") = "WindowsFormsApp2", "WindowsFormsApp2\WindowsFormsApp2.csproj", "{D00813A7-00CE-4E81-88F6-6127A8975A41}"
EndProject
Global
	GlobalSection(SolutionConfigurationPlatforms) = preSolution
		Debug|Any CPU = Debug|Any CPU
		Release|Any CPU = Release|Any CPU
	EndGlobalSection
	GlobalSection(ProjectConfigurationPlatforms) = postSolution
		{D00813A7-00CE-4E81-88F6-6127A8975A41}.Debug|Any CPU.ActiveCfg = Debug|Any CPU
		{D00813A7-00CE-4E81-88F6-6127A8975A41}.Debug|Any CPU.Build.0 = Debug|Any CPU
		{D00813A7-00CE-4E81-88F6-6127A8975A41}.Release|Any CPU.ActiveCfg = Release|Any CPU
		{D00813A7-00CE-4E81-88F6-6127A8975A41}.Release|Any CPU.Build.0 = Release|Any CPU
	EndGlobalSection
	GlobalSection(SolutionProperties) = preSolution
		HideSolutionNode = FALSE
	EndGlobalSection
	GlobalSection(ExtensibilityGlobals) = postSolution
		SolutionGuid = {DCE316C0-5F39-450F-AC12-86DB575811E0}
	EndGlobalSection
EndGlobal
